
Microsoft Visual Studio Solution File, Format Version 12.00
# Visual Studio Version 17
VisualStudioVersion = 17.11.35219.272
MinimumVisualStudioVersion = 10.0.40219.1
Project("{9A19103F-16F7-4668-BE54-9A1E7A4F7556}") = "abiectio", "ClassFucker\abiectio.csproj", "{9CE4565B-2AA7-4BE7-A60C-6E4A46315480}"
EndProject
Global
	GlobalSection(SolutionConfigurationPlatforms) = preSolution
		Debug|Any CPU = Debug|Any CPU
		Release|Any CPU = Release|Any CPU
	EndGlobalSection
	GlobalSection(ProjectConfigurationPlatforms) = postSolution
		{9CE4565B-2AA7-4BE7-A60C-6E4A46315480}.Debug|Any CPU.ActiveCfg = Debug|Any CPU
		{9CE4565B-2AA7-4BE7-A60C-6E4A46315480}.Debug|Any CPU.Build.0 = Debug|Any CPU
		{9CE4565B-2AA7-4BE7-A60C-6E4A46315480}.Release|Any CPU.ActiveCfg = Release|Any CPU
		{9CE4565B-2AA7-4BE7-A60C-6E4A46315480}.Release|Any CPU.Build.0 = Release|Any CPU
	EndGlobalSection
	GlobalSection(SolutionProperties) = preSolution
		HideSolutionNode = FALSE
	EndGlobalSection
	GlobalSection(ExtensibilityGlobals) = postSolution
		SolutionGuid = {B81144FE-E115-45C4-BF06-BD43B7D552DC}
	EndGlobalSection
EndGlobal
